
Microsoft Visual Studio Solution File, Format Version 12.00
# Visual Studio 2012
Project("{8BC9CEB8-8B4A-11D0-8D11-00A0C91BC942}") = "newRender", "newRender\newRender.vcxproj", "{EA6E6AD1-44BC-4902-BBE5-CC234EBE6445}"
EndProject
Global
	GlobalSection(SolutionConfigurationPlatforms) = preSolution
		Debug|Win32 = Debug|Win32
		Release|Win32 = Release|Win32
	EndGlobalSection
	GlobalSection(ProjectConfigurationPlatforms) = postSolution
		{EA6E6AD1-44BC-4902-BBE5-CC234EBE6445}.Debug|Win32.ActiveCfg = Debug|Win32
		{EA6E6AD1-44BC-4902-BBE5-CC234EBE6445}.Debug|Win32.Build.0 = Debug|Win32
		{EA6E6AD1-44BC-4902-BBE5-CC234EBE6445}.Release|Win32.ActiveCfg = Release|Win32
		{EA6E6AD1-44BC-4902-BBE5-CC234EBE6445}.Release|Win32.Build.0 = Release|Win32
	EndGlobalSection
	GlobalSection(SolutionProperties) = preSolution
		HideSolutionNode = FALSE
	EndGlobalSection
EndGlobal
